// !$*UTF8*$!
{
	archiveVersion = 1;
	classes = {
	};
	objectVersion = 50;
	objects = {

/* Begin PBXBuildFile section */
		AA20844D225F82980010A93C /* AppDelegate.swift in Sources */ = {isa = PBXBuildFile; fileRef = AA20844C225F82980010A93C /* AppDelegate.swift */; };
		AA20844F225F82980010A93C /* ViewController.swift in Sources */ = {isa = PBXBuildFile; fileRef = AA20844E225F82980010A93C /* ViewController.swift */; };
		AA208452225F82980010A93C /* Main.storyboard in Resources */ = {isa = PBXBuildFile; fileRef = AA208450225F82980010A93C /* Main.storyboard */; };
		AA208454225F82990010A93C /* Assets.xcassets in Resources */ = {isa = PBXBuildFile; fileRef = AA208453225F82990010A93C /* Assets.xcassets */; };
		AA208457225F82990010A93C /* LaunchScreen.storyboard in Resources */ = {isa = PBXBuildFile; fileRef = AA208455225F82990010A93C /* LaunchScreen.storyboard */; };
		AA3ABD8F2260774A008A6365 /* Entrant.swift in Sources */ = {isa = PBXBuildFile; fileRef = AA3ABD8E2260774A008A6365 /* Entrant.swift */; };
		AA3ABD912260778D008A6365 /* Checkpoint.swift in Sources */ = {isa = PBXBuildFile; fileRef = AA3ABD902260778D008A6365 /* Checkpoint.swift */; };
		AA3ABD9822607844008A6365 /* Employee.swift in Sources */ = {isa = PBXBuildFile; fileRef = AA3ABD9222607843008A6365 /* Employee.swift */; };
		AA3ABD9922607844008A6365 /* PersonalInformation.swift in Sources */ = {isa = PBXBuildFile; fileRef = AA3ABD9322607844008A6365 /* PersonalInformation.swift */; };
		AA3ABD9A22607844008A6365 /* Extensions.swift in Sources */ = {isa = PBXBuildFile; fileRef = AA3ABD9422607844008A6365 /* Extensions.swift */; };
		AA3ABD9B22607844008A6365 /* Guest.swift in Sources */ = {isa = PBXBuildFile; fileRef = AA3ABD9522607844008A6365 /* Guest.swift */; };
		AA3ABD9C22607844008A6365 /* Errors.swift in Sources */ = {isa = PBXBuildFile; fileRef = AA3ABD9622607844008A6365 /* Errors.swift */; };
		AA3ABD9D22607844008A6365 /* Manager.swift in Sources */ = {isa = PBXBuildFile; fileRef = AA3ABD9722607844008A6365 /* Manager.swift */; };
/* End PBXBuildFile section */

/* Begin PBXFileReference section */
		AA208449225F82980010A93C /* AmusementPark.app */ = {isa = PBXFileReference; explicitFileType = wrapper.application; includeInIndex = 0; path = AmusementPark.app; sourceTree = BUILT_PRODUCTS_DIR; };
		AA20844C225F82980010A93C /* AppDelegate.swift */ = {isa = PBXFileReference; lastKnownFileType = sourcecode.swift; path = AppDelegate.swift; sourceTree = "<group>"; };
		AA20844E225F82980010A93C /* ViewController.swift */ = {isa = PBXFileReference; lastKnownFileType = sourcecode.swift; path = ViewController.swift; sourceTree = "<group>"; };
		AA208451225F82980010A93C /* Base */ = {isa = PBXFileReference; lastKnownFileType = file.storyboard; name = Base; path = Base.lproj/Main.storyboard; sourceTree = "<group>"; };
		AA208453225F82990010A93C /* Assets.xcassets */ = {isa = PBXFileReference; lastKnownFileType = folder.assetcatalog; path = Assets.xcassets; sourceTree = "<group>"; };
		AA208456225F82990010A93C /* Base */ = {isa = PBXFileReference; lastKnownFileType = file.storyboard; name = Base; path = Base.lproj/LaunchScreen.storyboard; sourceTree = "<group>"; };
		AA208458225F82990010A93C /* Info.plist */ = {isa = PBXFileReference; lastKnownFileType = text.plist.xml; path = Info.plist; sourceTree = "<group>"; };
		AA3ABD8E2260774A008A6365 /* Entrant.swift */ = {isa = PBXFileReference; lastKnownFileType = sourcecode.swift; path = Entrant.swift; sourceTree = "<group>"; };
		AA3ABD902260778D008A6365 /* Checkpoint.swift */ = {isa = PBXFileReference; lastKnownFileType = sourcecode.swift; path = Checkpoint.swift; sourceTree = "<group>"; };
		AA3ABD9222607843008A6365 /* Employee.swift */ = {isa = PBXFileReference; fileEncoding = 4; lastKnownFileType = sourcecode.swift; path = Employee.swift; sourceTree = "<group>"; };
		AA3ABD9322607844008A6365 /* PersonalInformation.swift */ = {isa = PBXFileReference; fileEncoding = 4; lastKnownFileType = sourcecode.swift; path = PersonalInformation.swift; sourceTree = "<group>"; };
		AA3ABD9422607844008A6365 /* Extensions.swift */ = {isa = PBXFileReference; fileEncoding = 4; lastKnownFileType = sourcecode.swift; path = Extensions.swift; sourceTree = "<group>"; };
		AA3ABD9522607844008A6365 /* Guest.swift */ = {isa = PBXFileReference; fileEncoding = 4; lastKnownFileType = sourcecode.swift; path = Guest.swift; sourceTree = "<group>"; };
		AA3ABD9622607844008A6365 /* Errors.swift */ = {isa = PBXFileReference; fileEncoding = 4; lastKnownFileType = sourcecode.swift; path = Errors.swift; sourceTree = "<group>"; };
		AA3ABD9722607844008A6365 /* Manager.swift */ = {isa = PBXFileReference; fileEncoding = 4; lastKnownFileType = sourcecode.swift; path = Manager.swift; sourceTree = "<group>"; };
/* End PBXFileReference section */

/* Begin PBXFrameworksBuildPhase section */
		AA208446225F82980010A93C /* Frameworks */ = {
			isa = PBXFrameworksBuildPhase;
			buildActionMask = 2147483647;
			files = (
			);
			runOnlyForDeploymentPostprocessing = 0;
		};
/* End PBXFrameworksBuildPhase section */

/* Begin PBXGroup section */
		AA208440225F82980010A93C = {
			isa = PBXGroup;
			children = (
				AA20844B225F82980010A93C /* AmusementPark */,
				AA20844A225F82980010A93C /* Products */,
			);
			sourceTree = "<group>";
		};
		AA20844A225F82980010A93C /* Products */ = {
			isa = PBXGroup;
			children = (
				AA208449225F82980010A93C /* AmusementPark.app */,
			);
			name = Products;
			sourceTree = "<group>";
		};
		AA20844B225F82980010A93C /* AmusementPark */ = {
			isa = PBXGroup;
			children = (
				AA20844C225F82980010A93C /* AppDelegate.swift */,
				AA20844E225F82980010A93C /* ViewController.swift */,
				AA208450225F82980010A93C /* Main.storyboard */,
				AA208453225F82990010A93C /* Assets.xcassets */,
				AA208455225F82990010A93C /* LaunchScreen.storyboard */,
				AA208458225F82990010A93C /* Info.plist */,
				AA3ABD8E2260774A008A6365 /* Entrant.swift */,
				AA3ABD902260778D008A6365 /* Checkpoint.swift */,
				AA3ABD9222607843008A6365 /* Employee.swift */,
				AA3ABD9622607844008A6365 /* Errors.swift */,
				AA3ABD9422607844008A6365 /* Extensions.swift */,
				AA3ABD9522607844008A6365 /* Guest.swift */,
				AA3ABD9722607844008A6365 /* Manager.swift */,
				AA3ABD9322607844008A6365 /* PersonalInformation.swift */,
			);
			path = AmusementPark;
			sourceTree = "<group>";
		};
/* End PBXGroup section */

/* Begin PBXNativeTarget section */
		AA208448225F82980010A93C /* AmusementPark */ = {
			isa = PBXNativeTarget;
			buildConfigurationList = AA20845B225F82990010A93C /* Build configuration list for PBXNativeTarget "AmusementPark" */;
			buildPhases = (
				AA208445225F82980010A93C /* Sources */,
				AA208446225F82980010A93C /* Frameworks */,
				AA208447225F82980010A93C /* Resources */,
			);
			buildRules = (
			);
			dependencies = (
			);
			name = AmusementPark;
			productName = AmusementPark;
			productReference = AA208449225F82980010A93C /* AmusementPark.app */;
			productType = "com.apple.product-type.application";
		};
/* End PBXNativeTarget section */

/* Begin PBXProject section */
		AA208441225F82980010A93C /* Project object */ = {
			isa = PBXProject;
			attributes = {
				LastSwiftUpdateCheck = 1020;
				LastUpgradeCheck = 1020;
				ORGANIZATIONNAME = davidlaiymani;
				TargetAttributes = {
					AA208448225F82980010A93C = {
						CreatedOnToolsVersion = 10.2;
					};
				};
			};
			buildConfigurationList = AA208444225F82980010A93C /* Build configuration list for PBXProject "AmusementPark" */;
			compatibilityVersion = "Xcode 9.3";
			developmentRegion = en;
			hasScannedForEncodings = 0;
			knownRegions = (
				en,
				Base,
			);
			mainGroup = AA208440225F82980010A93C;
			productRefGroup = AA20844A225F82980010A93C /* Products */;
			projectDirPath = "";
			projectRoot = "";
			targets = (
				AA208448225F82980010A93C /* AmusementPark */,
			);
		};
/* End PBXProject section */

/* Begin PBXResourcesBuildPhase section */
		AA208447225F82980010A93C /* Resources */ = {
			isa = PBXResourcesBuildPhase;
			buildActionMask = 2147483647;
			files = (
				AA208457225F82990010A93C /* LaunchScreen.storyboard in Resources */,
				AA208454225F82990010A93C /* Assets.xcassets in Resources */,
				AA208452225F82980010A93C /* Main.storyboard in Resources */,
			);
			runOnlyForDeploymentPostprocessing = 0;
		};
/* End PBXResourcesBuildPhase section */

/* Begin PBXSourcesBuildPhase section */
		AA208445225F82980010A93C /* Sources */ = {
			isa = PBXSourcesBuildPhase;
			buildActionMask = 2147483647;
			files = (
				AA3ABD8F2260774A008A6365 /* Entrant.swift in Sources */,
				AA20844F225F82980010A93C /* ViewController.swift in Sources */,
				AA20844D225F82980010A93C /* AppDelegate.swift in Sources */,
				AA3ABD9822607844008A6365 /* Employee.swift in Sources */,
				AA3ABD9922607844008A6365 /* PersonalInformation.swift in Sources */,
				AA3ABD912260778D008A6365 /* Checkpoint.swift in Sources */,
				AA3ABD9B22607844008A6365 /* Guest.swift in Sources */,
				AA3ABD9C22607844008A6365 /* Errors.swift in Sources */,
				AA3ABD9A22607844008A6365 /* Extensions.swift in Sources */,
				AA3ABD9D22607844008A6365 /* Manager.swift in Sources */,
			);
			runOnlyForDeploymentPostprocessing = 0;
		};
/* End PBXSourcesBuildPhase section */

/* Begin PBXVariantGroup section */
		AA208450225F82980010A93C /* Main.storyboard */ = {
			isa = PBXVariantGroup;
			children = (
				AA208451225F82980010A93C /* Base */,
			);
			name = Main.storyboard;
			sourceTree = "<group>";
		};
		AA208455225F82990010A93C /* LaunchScreen.storyboard */ = {
			isa = PBXVariantGroup;
			children = (
				AA208456225F82990010A93C /* Base */,
			);
			name = LaunchScreen.storyboard;
			sourceTree = "<group>";
		};
/* End PBXVariantGroup section */

/* Begin XCBuildConfiguration section */
		AA208459225F82990010A93C /* Debug */ = {
			isa = XCBuildConfiguration;
			buildSettings = {
				ALWAYS_SEARCH_USER_PATHS = NO;
				CLANG_ANALYZER_NONNULL = YES;
				CLANG_ANALYZER_NUMBER_OBJECT_CONVERSION = YES_AGGRESSIVE;
				CLANG_CXX_LANGUAGE_STANDARD = "gnu++14";
				CLANG_CXX_LIBRARY = "libc++";
				CLANG_ENABLE_MODULES = YES;
				CLANG_ENABLE_OBJC_ARC = YES;
				CLANG_ENABLE_OBJC_WEAK = YES;
				CLANG_WARN_BLOCK_CAPTURE_AUTORELEASING = YES;
				CLANG_WARN_BOOL_CONVERSION = YES;
				CLANG_WARN_COMMA = YES;
				CLANG_WARN_CONSTANT_CONVERSION = YES;
				CLANG_WARN_DEPRECATED_OBJC_IMPLEMENTATIONS = YES;
				CLANG_WARN_DIRECT_OBJC_ISA_USAGE = YES_ERROR;
				CLANG_WARN_DOCUMENTATION_COMMENTS = YES;
				CLANG_WARN_EMPTY_BODY = YES;
				CLANG_WARN_ENUM_CONVERSION = YES;
				CLANG_WARN_INFINITE_RECURSION = YES;
				CLANG_WARN_INT_CONVERSION = YES;
				CLANG_WARN_NON_LITERAL_NULL_CONVERSION = YES;
				CLANG_WARN_OBJC_IMPLICIT_RETAIN_SELF = YES;
				CLANG_WARN_OBJC_LITERAL_CONVERSION = YES;
				CLANG_WARN_OBJC_ROOT_CLASS = YES_ERROR;
				CLANG_WARN_RANGE_LOOP_ANALYSIS = YES;
				CLANG_WARN_STRICT_PROTOTYPES = YES;
				CLANG_WARN_SUSPICIOUS_MOVE = YES;
				CLANG_WARN_UNGUARDED_AVAILABILITY = YES_AGGRESSIVE;
				CLANG_WARN_UNREACHABLE_CODE = YES;
				CLANG_WARN__DUPLICATE_METHOD_MATCH = YES;
				CODE_SIGN_IDENTITY = "iPhone Developer";
				COPY_PHASE_STRIP = NO;
				DEBUG_INFORMATION_FORMAT = dwarf;
				ENABLE_STRICT_OBJC_MSGSEND = YES;
				ENABLE_TESTABILITY = YES;
				GCC_C_LANGUAGE_STANDARD = gnu11;
				GCC_DYNAMIC_NO_PIC = NO;
				GCC_NO_COMMON_BLOCKS = YES;
				GCC_OPTIMIZATION_LEVEL = 0;
				GCC_PREPROCESSOR_DEFINITIONS = (
					"DEBUG=1",
					"$(inherited)",
				);
				GCC_WARN_64_TO_32_BIT_CONVERSION = YES;
				GCC_WARN_ABOUT_RETURN_TYPE = YES_ERROR;
				GCC_WARN_UNDECLARED_SELECTOR = YES;
				GCC_WARN_UNINITIALIZED_AUTOS = YES_AGGRESSIVE;
				GCC_WARN_UNUSED_FUNCTION = YES;
				GCC_WARN_UNUSED_VARIABLE = YES;
				IPHONEOS_DEPLOYMENT_TARGET = 12.2;
				MTL_ENABLE_DEBUG_INFO = INCLUDE_SOURCE;
				MTL_FAST_MATH = YES;
				ONLY_ACTIVE_ARCH = YES;
				SDKROOT = iphoneos;
				SWIFT_ACTIVE_COMPILATION_CONDITIONS = DEBUG;
				SWIFT_OPTIMIZATION_LEVEL = "-Onone";
			};
			name = Debug;
		};
		AA20845A225F82990010A93C /* Release */ = {
			isa = XCBuildConfiguration;
			buildSettings = {
				ALWAYS_SEARCH_USER_PATHS = NO;
				CLANG_ANALYZER_NONNULL = YES;
				CLANG_ANALYZER_NUMBER_OBJECT_CONVERSION = YES_AGGRESSIVE;
				CLANG_CXX_LANGUAGE_STANDARD = "gnu++14";
				CLANG_CXX_LIBRARY = "libc++";
				CLANG_ENABLE_MODULES = YES;
				CLANG_ENABLE_OBJC_ARC = YES;
				CLANG_ENABLE_OBJC_WEAK = YES;
				CLANG_WARN_BLOCK_CAPTURE_AUTORELEASING = YES;
				CLANG_WARN_BOOL_CONVERSION = YES;
				CLANG_WARN_COMMA = YES;
				CLANG_WARN_CONSTANT_CONVERSION = YES;
				CLANG_WARN_DEPRECATED_OBJC_IMPLEMENTATIONS = YES;
				CLANG_WARN_DIRECT_OBJC_ISA_USAGE = YES_ERROR;
				CLANG_WARN_DOCUMENTATION_COMMENTS = YES;
				CLANG_WARN_EMPTY_BODY = YES;
				CLANG_WARN_ENUM_CONVERSION = YES;
				CLANG_WARN_INFINITE_RECURSION = YES;
				CLANG_WARN_INT_CONVERSION = YES;
				CLANG_WARN_NON_LITERAL_NULL_CONVERSION = YES;
				CLANG_WARN_OBJC_IMPLICIT_RETAIN_SELF = YES;
				CLANG_WARN_OBJC_LITERAL_CONVERSION = YES;
				CLANG_WARN_OBJC_ROOT_CLASS = YES_ERROR;
				CLANG_WARN_RANGE_LOOP_ANALYSIS = YES;
				CLANG_WARN_STRICT_PROTOTYPES = YES;
				CLANG_WARN_SUSPICIOUS_MOVE = YES;
				CLANG_WARN_UNGUARDED_AVAILABILITY = YES_AGGRESSIVE;
				CLANG_WARN_UNREACHABLE_CODE = YES;
				CLANG_WARN__DUPLICATE_METHOD_MATCH = YES;
				CODE_SIGN_IDENTITY = "iPhone Developer";
				COPY_PHASE_STRIP = NO;
				DEBUG_INFORMATION_FORMAT = "dwarf-with-dsym";
				ENABLE_NS_ASSERTIONS = NO;
				ENABLE_STRICT_OBJC_MSGSEND = YES;
				GCC_C_LANGUAGE_STANDARD = gnu11;
				GCC_NO_COMMON_BLOCKS = YES;
				GCC_WARN_64_TO_32_BIT_CONVERSION = YES;
				GCC_WARN_ABOUT_RETURN_TYPE = YES_ERROR;
				GCC_WARN_UNDECLARED_SELECTOR = YES;
				GCC_WARN_UNINITIALIZED_AUTOS = YES_AGGRESSIVE;
				GCC_WARN_UNUSED_FUNCTION = YES;
				GCC_WARN_UNUSED_VARIABLE = YES;
				IPHONEOS_DEPLOYMENT_TARGET = 12.2;
				MTL_ENABLE_DEBUG_INFO = NO;
				MTL_FAST_MATH = YES;
				SDKROOT = iphoneos;
				SWIFT_COMPILATION_MODE = wholemodule;
				SWIFT_OPTIMIZATION_LEVEL = "-O";
				VALIDATE_PRODUCT = YES;
			};
			name = Release;
		};
		AA20845C225F82990010A93C /* Debug */ = {
			isa = XCBuildConfiguration;
			buildSettings = {
				ASSETCATALOG_COMPILER_APPICON_NAME = AppIcon;
				CODE_SIGN_STYLE = Automatic;
				DEVELOPMENT_TEAM = BCB2U5N8E6;
				INFOPLIST_FILE = AmusementPark/Info.plist;
				LD_RUNPATH_SEARCH_PATHS = (
					"$(inherited)",
					"@executable_path/Frameworks",
				);
				PRODUCT_BUNDLE_IDENTIFIER = "fr.univ-fcomte.courspart.AmusementPark";
				PRODUCT_NAME = "$(TARGET_NAME)";
				SWIFT_VERSION = 5.0;
				TARGETED_DEVICE_FAMILY = 2;
			};
			name = Debug;
		};
		AA20845D225F82990010A93C /* Release */ = {
			isa = XCBuildConfiguration;
			buildSettings = {
				ASSETCATALOG_COMPILER_APPICON_NAME = AppIcon;
				CODE_SIGN_STYLE = Automatic;
				DEVELOPMENT_TEAM = BCB2U5N8E6;
				INFOPLIST_FILE = AmusementPark/Info.plist;
				LD_RUNPATH_SEARCH_PATHS = (
					"$(inherited)",
					"@executable_path/Frameworks",
				);
				PRODUCT_BUNDLE_IDENTIFIER = "fr.univ-fcomte.courspart.AmusementPark";
				PRODUCT_NAME = "$(TARGET_NAME)";
				SWIFT_VERSION = 5.0;
				TARGETED_DEVICE_FAMILY = 2;
			};
			name = Release;
		};
/* End XCBuildConfiguration section */

/* Begin XCConfigurationList section */
		AA208444225F82980010A93C /* Build configuration list for PBXProject "AmusementPark" */ = {
			isa = XCConfigurationList;
			buildConfigurations = (
				AA208459225F82990010A93C /* Debug */,
				AA20845A225F82990010A93C /* Release */,
			);
			defaultConfigurationIsVisible = 0;
			defaultConfigurationName = Release;
		};
		AA20845B225F82990010A93C /* Build configuration list for PBXNativeTarget "AmusementPark" */ = {
			isa = XCConfigurationList;
			buildConfigurations = (
				AA20845C225F82990010A93C /* Debug */,
				AA20845D225F82990010A93C /* Release */,
			);
			defaultConfigurationIsVisible = 0;
			defaultConfigurationName = Release;
		};
/* End XCConfigurationList section */
	};
	rootObject = AA208441225F82980010A93C /* Project object */;
}
